
Microsoft Visual Studio Solution File, Format Version 11.00
# Visual Studio 2010
Project("{FAE04EC0-301F-11D3-BF4B-00C04F79EFBC}") = "Dissertation Complete", "Assembly-CSharp.csproj", "{67D4BD6B-7B2E-0EAE-F134-0AB60819DCF0}"
EndProject
Project("{FAE04EC0-301F-11D3-BF4B-00C04F79EFBC}") = "Dissertation Complete", "Assembly-CSharp-firstpass.csproj", "{C921BAE9-D795-5E16-B88B-D03F1E1E1582}"
EndProject
Project("{FAE04EC0-301F-11D3-BF4B-00C04F79EFBC}") = "Dissertation Complete", "Assembly-CSharp-Editor-firstpass.csproj", "{E6AEAC9E-FBE7-D4F4-35A9-96317BA03A7B}"
EndProject
Project("{FAE04EC0-301F-11D3-BF4B-00C04F79EFBC}") = "Dissertation Complete", "Assembly-CSharp-Editor.csproj", "{8198C3B7-127F-3DAB-799A-926DD3D85E4A}"
EndProject
Global
	GlobalSection(SolutionConfigurationPlatforms) = preSolution
		Debug|Any CPU = Debug|Any CPU
		Release|Any CPU = Release|Any CPU
	EndGlobalSection
	GlobalSection(ProjectConfigurationPlatforms) = postSolution
		{67D4BD6B-7B2E-0EAE-F134-0AB60819DCF0}.Debug|Any CPU.ActiveCfg = Debug|Any CPU
		{67D4BD6B-7B2E-0EAE-F134-0AB60819DCF0}.Debug|Any CPU.Build.0 = Debug|Any CPU
		{67D4BD6B-7B2E-0EAE-F134-0AB60819DCF0}.Release|Any CPU.ActiveCfg = Release|Any CPU
		{67D4BD6B-7B2E-0EAE-F134-0AB60819DCF0}.Release|Any CPU.Build.0 = Release|Any CPU
		{C921BAE9-D795-5E16-B88B-D03F1E1E1582}.Debug|Any CPU.ActiveCfg = Debug|Any CPU
		{C921BAE9-D795-5E16-B88B-D03F1E1E1582}.Debug|Any CPU.Build.0 = Debug|Any CPU
		{C921BAE9-D795-5E16-B88B-D03F1E1E1582}.Release|Any CPU.ActiveCfg = Release|Any CPU
		{C921BAE9-D795-5E16-B88B-D03F1E1E1582}.Release|Any CPU.Build.0 = Release|Any CPU
		{E6AEAC9E-FBE7-D4F4-35A9-96317BA03A7B}.Debug|Any CPU.ActiveCfg = Debug|Any CPU
		{E6AEAC9E-FBE7-D4F4-35A9-96317BA03A7B}.Debug|Any CPU.Build.0 = Debug|Any CPU
		{E6AEAC9E-FBE7-D4F4-35A9-96317BA03A7B}.Release|Any CPU.ActiveCfg = Release|Any CPU
		{E6AEAC9E-FBE7-D4F4-35A9-96317BA03A7B}.Release|Any CPU.Build.0 = Release|Any CPU
		{8198C3B7-127F-3DAB-799A-926DD3D85E4A}.Debug|Any CPU.ActiveCfg = Debug|Any CPU
		{8198C3B7-127F-3DAB-799A-926DD3D85E4A}.Debug|Any CPU.Build.0 = Debug|Any CPU
		{8198C3B7-127F-3DAB-799A-926DD3D85E4A}.Release|Any CPU.ActiveCfg = Release|Any CPU
		{8198C3B7-127F-3DAB-799A-926DD3D85E4A}.Release|Any CPU.Build.0 = Release|Any CPU
	EndGlobalSection
	GlobalSection(SolutionProperties) = preSolution
		HideSolutionNode = FALSE
	EndGlobalSection
	GlobalSection(MonoDevelopProperties) = preSolution
		StartupItem = Assembly-CSharp.csproj
	EndGlobalSection
EndGlobal
